
Microsoft Visual Studio Solution File, Format Version 12.00
# Visual Studio 15
VisualStudioVersion = 15.0.28307.1705
MinimumVisualStudioVersion = 10.0.40219.1
Project("{FAE04EC0-301F-11D3-BF4B-00C04F79EFBC}") = "QuanLyThiTracNghiem", "QuanLyThiTracNghiem\QuanLyThiTracNghiem.csproj", "{AE2B1200-E7F5-464C-8842-718969CB103F}"
EndProject
Global
	GlobalSection(SolutionConfigurationPlatforms) = preSolution
		Debug|Any CPU = Debug|Any CPU
		Release|Any CPU = Release|Any CPU
	EndGlobalSection
	GlobalSection(ProjectConfigurationPlatforms) = postSolution
		{AE2B1200-E7F5-464C-8842-718969CB103F}.Debug|Any CPU.ActiveCfg = Debug|Any CPU
		{AE2B1200-E7F5-464C-8842-718969CB103F}.Debug|Any CPU.Build.0 = Debug|Any CPU
		{AE2B1200-E7F5-464C-8842-718969CB103F}.Release|Any CPU.ActiveCfg = Release|Any CPU
		{AE2B1200-E7F5-464C-8842-718969CB103F}.Release|Any CPU.Build.0 = Release|Any CPU
	EndGlobalSection
	GlobalSection(SolutionProperties) = preSolution
		HideSolutionNode = FALSE
	EndGlobalSection
	GlobalSection(ExtensibilityGlobals) = postSolution
		SolutionGuid = {8EF1E43B-DE90-4B15-AD5D-25C4ECBF7981}
	EndGlobalSection
EndGlobal
